
Microsoft Visual Studio Solution File, Format Version 12.00
# Visual Studio Version 16
VisualStudioVersion = 16.0.29613.14
MinimumVisualStudioVersion = 10.0.40219.1
Project("{FAE04EC0-301F-11D3-BF4B-00C04F79EFBC}") = "MCC_Day9_Exercise1", "MCC_Day9_Exercise1\MCC_Day9_Exercise1.csproj", "{D0DD24D4-7EE7-4375-B2A2-6B275AABB8F0}"
EndProject
Global
	GlobalSection(SolutionConfigurationPlatforms) = preSolution
		Debug|Any CPU = Debug|Any CPU
		Release|Any CPU = Release|Any CPU
	EndGlobalSection
	GlobalSection(ProjectConfigurationPlatforms) = postSolution
		{D0DD24D4-7EE7-4375-B2A2-6B275AABB8F0}.Debug|Any CPU.ActiveCfg = Debug|Any CPU
		{D0DD24D4-7EE7-4375-B2A2-6B275AABB8F0}.Debug|Any CPU.Build.0 = Debug|Any CPU
		{D0DD24D4-7EE7-4375-B2A2-6B275AABB8F0}.Release|Any CPU.ActiveCfg = Release|Any CPU
		{D0DD24D4-7EE7-4375-B2A2-6B275AABB8F0}.Release|Any CPU.Build.0 = Release|Any CPU
	EndGlobalSection
	GlobalSection(SolutionProperties) = preSolution
		HideSolutionNode = FALSE
	EndGlobalSection
	GlobalSection(ExtensibilityGlobals) = postSolution
		SolutionGuid = {B444DEB3-AC0D-4472-86A9-D98C357C3C3B}
	EndGlobalSection
EndGlobal
